[{<<"bristow">>,{pkg,<<"bristow">>,<<"0.1.1">>},0},
 {<<"bucs">>,{pkg,<<"bucs">>,<<"0.1.8">>},0},
 {<<"doteki">>,{pkg,<<"doteki">>,<<"0.1.12">>},0},
 {<<"goldrush">>,{pkg,<<"goldrush">>,<<"0.1.8">>},1},
 {<<"lager">>,{pkg,<<"lager">>,<<"3.2.1">>},0},
 {<<"poolgirl">>,
  {git,"https://github.com/botsunit/poolgirl.git",
       {ref,"d0a1872e346f5866ecf90620b074f458540208e5"}},
  0}].
