[{<<"bristow">>,{pkg,<<"bristow">>,<<"0.1.1">>},0},
 {<<"bucs">>,{pkg,<<"bucs">>,<<"0.1.9">>},0},
 {<<"doteki">>,{pkg,<<"doteki">>,<<"0.1.13">>},0},
 {<<"goldrush">>,{pkg,<<"goldrush">>,<<"0.1.8">>},1},
 {<<"lager">>,{pkg,<<"lager">>,<<"3.2.1">>},0},
 {<<"metrics">>,{pkg,<<"metrics">>,<<"2.1.0">>},0},
 {<<"poolgirl">>,
  {git,"https://github.com/botsunit/poolgirl.git",
       {ref,"0fa24c3363ead552c92c8c699811fcca73736364"}},
  0}].
